
Microsoft Visual Studio Solution File, Format Version 12.00
# Visual Studio Version 17
VisualStudioVersion = 17.0.31808.319
MinimumVisualStudioVersion = 10.0.40219.1
Project("{9A19103F-16F7-4668-BE54-9A1E7A4F7556}") = "DevConsole", "DevConsole\DevConsole.csproj", "{C16EEBD9-FC4C-4FC8-9E54-8760C0F5FF6D}"
EndProject
Project("{9A19103F-16F7-4668-BE54-9A1E7A4F7556}") = "SW.Framework", "SW.Framework\SW.Framework.csproj", "{F5644C04-6F6D-4DB9-85FF-DC6E040E79AE}"
EndProject
Project("{9A19103F-16F7-4668-BE54-9A1E7A4F7556}") = "SW.Framework.Test", "SW.Framework.Test\SW.Framework.Test.csproj", "{0324E214-10DD-4C35-AF53-1E0F81D463BA}"
EndProject
Global
	GlobalSection(SolutionConfigurationPlatforms) = preSolution
		Debug|Any CPU = Debug|Any CPU
		Release|Any CPU = Release|Any CPU
	EndGlobalSection
	GlobalSection(ProjectConfigurationPlatforms) = postSolution
		{C16EEBD9-FC4C-4FC8-9E54-8760C0F5FF6D}.Debug|Any CPU.ActiveCfg = Debug|Any CPU
		{C16EEBD9-FC4C-4FC8-9E54-8760C0F5FF6D}.Debug|Any CPU.Build.0 = Debug|Any CPU
		{C16EEBD9-FC4C-4FC8-9E54-8760C0F5FF6D}.Release|Any CPU.ActiveCfg = Release|Any CPU
		{C16EEBD9-FC4C-4FC8-9E54-8760C0F5FF6D}.Release|Any CPU.Build.0 = Release|Any CPU
		{F5644C04-6F6D-4DB9-85FF-DC6E040E79AE}.Debug|Any CPU.ActiveCfg = Debug|Any CPU
		{F5644C04-6F6D-4DB9-85FF-DC6E040E79AE}.Debug|Any CPU.Build.0 = Debug|Any CPU
		{F5644C04-6F6D-4DB9-85FF-DC6E040E79AE}.Release|Any CPU.ActiveCfg = Release|Any CPU
		{F5644C04-6F6D-4DB9-85FF-DC6E040E79AE}.Release|Any CPU.Build.0 = Release|Any CPU
		{0324E214-10DD-4C35-AF53-1E0F81D463BA}.Debug|Any CPU.ActiveCfg = Debug|Any CPU
		{0324E214-10DD-4C35-AF53-1E0F81D463BA}.Debug|Any CPU.Build.0 = Debug|Any CPU
		{0324E214-10DD-4C35-AF53-1E0F81D463BA}.Release|Any CPU.ActiveCfg = Release|Any CPU
		{0324E214-10DD-4C35-AF53-1E0F81D463BA}.Release|Any CPU.Build.0 = Release|Any CPU
	EndGlobalSection
	GlobalSection(SolutionProperties) = preSolution
		HideSolutionNode = FALSE
	EndGlobalSection
	GlobalSection(ExtensibilityGlobals) = postSolution
		SolutionGuid = {FCEDCE9B-67E7-4744-A8F4-406583CF869F}
	EndGlobalSection
EndGlobal
